
Microsoft Visual Studio Solution File, Format Version 12.00
# Visual Studio 15
VisualStudioVersion = 15.0.28307.421
MinimumVisualStudioVersion = 10.0.40219.1
Project("{FAE04EC0-301F-11D3-BF4B-00C04F79EFBC}") = "RayTracerMath", "Math\RayTracerMath.csproj", "{D70009A9-E1F4-45EF-BFC8-CD462B1DFC91}"
EndProject
Project("{FAE04EC0-301F-11D3-BF4B-00C04F79EFBC}") = "RayTracerMathTest", "MathTest\RayTracerMathTest.csproj", "{B89177E6-F068-45D5-861B-7EFAE3D6AD15}"
EndProject
Global
	GlobalSection(SolutionConfigurationPlatforms) = preSolution
		Debug|Any CPU = Debug|Any CPU
		Release|Any CPU = Release|Any CPU
	EndGlobalSection
	GlobalSection(ProjectConfigurationPlatforms) = postSolution
		{D70009A9-E1F4-45EF-BFC8-CD462B1DFC91}.Debug|Any CPU.ActiveCfg = Debug|Any CPU
		{D70009A9-E1F4-45EF-BFC8-CD462B1DFC91}.Debug|Any CPU.Build.0 = Debug|Any CPU
		{D70009A9-E1F4-45EF-BFC8-CD462B1DFC91}.Release|Any CPU.ActiveCfg = Release|Any CPU
		{D70009A9-E1F4-45EF-BFC8-CD462B1DFC91}.Release|Any CPU.Build.0 = Release|Any CPU
		{B89177E6-F068-45D5-861B-7EFAE3D6AD15}.Debug|Any CPU.ActiveCfg = Debug|Any CPU
		{B89177E6-F068-45D5-861B-7EFAE3D6AD15}.Debug|Any CPU.Build.0 = Debug|Any CPU
		{B89177E6-F068-45D5-861B-7EFAE3D6AD15}.Release|Any CPU.ActiveCfg = Release|Any CPU
		{B89177E6-F068-45D5-861B-7EFAE3D6AD15}.Release|Any CPU.Build.0 = Release|Any CPU
	EndGlobalSection
	GlobalSection(SolutionProperties) = preSolution
		HideSolutionNode = FALSE
	EndGlobalSection
	GlobalSection(ExtensibilityGlobals) = postSolution
		SolutionGuid = {67E2A2B4-FA5C-4283-898C-865450340B41}
	EndGlobalSection
EndGlobal
